// !$*UTF8*$!
{
	archiveVersion = 1;
	classes = {
	};
	objectVersion = 46;
	objects = {

/* Begin PBXBuildFile section */
		CC70B56C192F950D00293D7C /* Foundation.framework in Frameworks */ = {isa = PBXBuildFile; fileRef = CC70B56B192F950D00293D7C /* Foundation.framework */; };
		CC70B56E192F950D00293D7C /* CoreGraphics.framework in Frameworks */ = {isa = PBXBuildFile; fileRef = CC70B56D192F950D00293D7C /* CoreGraphics.framework */; };
		CC70B570192F950D00293D7C /* UIKit.framework in Frameworks */ = {isa = PBXBuildFile; fileRef = CC70B56F192F950D00293D7C /* UIKit.framework */; };
		CC70B576192F950D00293D7C /* InfoPlist.strings in Resources */ = {isa = PBXBuildFile; fileRef = CC70B574192F950D00293D7C /* InfoPlist.strings */; };
		CC70B578192F950D00293D7C /* main.m in Sources */ = {isa = PBXBuildFile; fileRef = CC70B577192F950D00293D7C /* main.m */; };
		CC70B57C192F950D00293D7C /* RHAppDelegate.m in Sources */ = {isa = PBXBuildFile; fileRef = CC70B57B192F950D00293D7C /* RHAppDelegate.m */; };
		CC70B57E192F950D00293D7C /* Images.xcassets in Resources */ = {isa = PBXBuildFile; fileRef = CC70B57D192F950D00293D7C /* Images.xcassets */; };
		CC70B585192F950D00293D7C /* XCTest.framework in Frameworks */ = {isa = PBXBuildFile; fileRef = CC70B584192F950D00293D7C /* XCTest.framework */; };
		CC70B586192F950D00293D7C /* Foundation.framework in Frameworks */ = {isa = PBXBuildFile; fileRef = CC70B56B192F950D00293D7C /* Foundation.framework */; };
		CC70B587192F950D00293D7C /* UIKit.framework in Frameworks */ = {isa = PBXBuildFile; fileRef = CC70B56F192F950D00293D7C /* UIKit.framework */; };
		CC70B58F192F950D00293D7C /* InfoPlist.strings in Resources */ = {isa = PBXBuildFile; fileRef = CC70B58D192F950D00293D7C /* InfoPlist.strings */; };
		CC70B59D192F99B800293D7C /* RHAppDelegateSpec.m in Sources */ = {isa = PBXBuildFile; fileRef = CC70B59C192F99B800293D7C /* RHAppDelegateSpec.m */; };
		CC70B59F192F99F200293D7C /* RHRecipeResultsSpec.m in Sources */ = {isa = PBXBuildFile; fileRef = CC70B59E192F99F200293D7C /* RHRecipeResultsSpec.m */; };
		CC70B5A1192F9A1800293D7C /* RHRecipeDetailSpec.m in Sources */ = {isa = PBXBuildFile; fileRef = CC70B5A0192F9A1800293D7C /* RHRecipeDetailSpec.m */; };
		CC70B5A5192F9C5B00293D7C /* RHFridgeViewController.m in Sources */ = {isa = PBXBuildFile; fileRef = CC70B5A3192F9C5B00293D7C /* RHFridgeViewController.m */; };
		CC70B5A6192F9C5B00293D7C /* RHFridgeViewController.xib in Resources */ = {isa = PBXBuildFile; fileRef = CC70B5A4192F9C5B00293D7C /* RHFridgeViewController.xib */; };
		CC70B5A8192F9DA500293D7C /* RHFridgeViewControllerSpec.m in Sources */ = {isa = PBXBuildFile; fileRef = CC70B5A7192F9DA500293D7C /* RHFridgeViewControllerSpec.m */; };
		CC70B5AA192FA3FD00293D7C /* Ingredients.plist in Resources */ = {isa = PBXBuildFile; fileRef = CC70B5A9192FA3FD00293D7C /* Ingredients.plist */; };
		CC70B5AC192FA56B00293D7C /* Recipes.plist in Resources */ = {isa = PBXBuildFile; fileRef = CC70B5AB192FA56B00293D7C /* Recipes.plist */; };
		DC8E2B16A5024A3DB5A734CD /* libPods-DinnerAppTests.a in Frameworks */ = {isa = PBXBuildFile; fileRef = 5C1A438DC4824C5FA152B563 /* libPods-DinnerAppTests.a */; };
/* End PBXBuildFile section */

/* Begin PBXContainerItemProxy section */
		CC70B588192F950D00293D7C /* PBXContainerItemProxy */ = {
			isa = PBXContainerItemProxy;
			containerPortal = CC70B560192F950D00293D7C /* Project object */;
			proxyType = 1;
			remoteGlobalIDString = CC70B567192F950D00293D7C;
			remoteInfo = DinnerApp;
		};
/* End PBXContainerItemProxy section */

/* Begin PBXFileReference section */
		5C1A438DC4824C5FA152B563 /* libPods-DinnerAppTests.a */ = {isa = PBXFileReference; explicitFileType = archive.ar; includeInIndex = 0; path = "libPods-DinnerAppTests.a"; sourceTree = BUILT_PRODUCTS_DIR; };
		CC70B568192F950D00293D7C /* DinnerApp.app */ = {isa = PBXFileReference; explicitFileType = wrapper.application; includeInIndex = 0; path = DinnerApp.app; sourceTree = BUILT_PRODUCTS_DIR; };
		CC70B56B192F950D00293D7C /* Foundation.framework */ = {isa = PBXFileReference; lastKnownFileType = wrapper.framework; name = Foundation.framework; path = System/Library/Frameworks/Foundation.framework; sourceTree = SDKROOT; };
		CC70B56D192F950D00293D7C /* CoreGraphics.framework */ = {isa = PBXFileReference; lastKnownFileType = wrapper.framework; name = CoreGraphics.framework; path = System/Library/Frameworks/CoreGraphics.framework; sourceTree = SDKROOT; };
		CC70B56F192F950D00293D7C /* UIKit.framework */ = {isa = PBXFileReference; lastKnownFileType = wrapper.framework; name = UIKit.framework; path = System/Library/Frameworks/UIKit.framework; sourceTree = SDKROOT; };
		CC70B573192F950D00293D7C /* DinnerApp-Info.plist */ = {isa = PBXFileReference; lastKnownFileType = text.plist.xml; path = "DinnerApp-Info.plist"; sourceTree = "<group>"; };
		CC70B575192F950D00293D7C /* en */ = {isa = PBXFileReference; lastKnownFileType = text.plist.strings; name = en; path = en.lproj/InfoPlist.strings; sourceTree = "<group>"; };
		CC70B577192F950D00293D7C /* main.m */ = {isa = PBXFileReference; lastKnownFileType = sourcecode.c.objc; path = main.m; sourceTree = "<group>"; };
		CC70B579192F950D00293D7C /* DinnerApp-Prefix.pch */ = {isa = PBXFileReference; lastKnownFileType = sourcecode.c.h; path = "DinnerApp-Prefix.pch"; sourceTree = "<group>"; };
		CC70B57A192F950D00293D7C /* RHAppDelegate.h */ = {isa = PBXFileReference; lastKnownFileType = sourcecode.c.h; path = RHAppDelegate.h; sourceTree = "<group>"; };
		CC70B57B192F950D00293D7C /* RHAppDelegate.m */ = {isa = PBXFileReference; lastKnownFileType = sourcecode.c.objc; path = RHAppDelegate.m; sourceTree = "<group>"; };
		CC70B57D192F950D00293D7C /* Images.xcassets */ = {isa = PBXFileReference; lastKnownFileType = folder.assetcatalog; path = Images.xcassets; sourceTree = "<group>"; };
		CC70B583192F950D00293D7C /* DinnerAppTests.xctest */ = {isa = PBXFileReference; explicitFileType = wrapper.cfbundle; includeInIndex = 0; path = DinnerAppTests.xctest; sourceTree = BUILT_PRODUCTS_DIR; };
		CC70B584192F950D00293D7C /* XCTest.framework */ = {isa = PBXFileReference; lastKnownFileType = wrapper.framework; name = XCTest.framework; path = Library/Frameworks/XCTest.framework; sourceTree = DEVELOPER_DIR; };
		CC70B58C192F950D00293D7C /* DinnerAppTests-Info.plist */ = {isa = PBXFileReference; lastKnownFileType = text.plist.xml; path = "DinnerAppTests-Info.plist"; sourceTree = "<group>"; };
		CC70B58E192F950D00293D7C /* en */ = {isa = PBXFileReference; lastKnownFileType = text.plist.strings; name = en; path = en.lproj/InfoPlist.strings; sourceTree = "<group>"; };
		CC70B59C192F99B800293D7C /* RHAppDelegateSpec.m */ = {isa = PBXFileReference; fileEncoding = 4; lastKnownFileType = sourcecode.c.objc; path = RHAppDelegateSpec.m; sourceTree = "<group>"; };
		CC70B59E192F99F200293D7C /* RHRecipeResultsSpec.m */ = {isa = PBXFileReference; fileEncoding = 4; lastKnownFileType = sourcecode.c.objc; path = RHRecipeResultsSpec.m; sourceTree = "<group>"; };
		CC70B5A0192F9A1800293D7C /* RHRecipeDetailSpec.m */ = {isa = PBXFileReference; fileEncoding = 4; lastKnownFileType = sourcecode.c.objc; path = RHRecipeDetailSpec.m; sourceTree = "<group>"; };
		CC70B5A2192F9C5B00293D7C /* RHFridgeViewController.h */ = {isa = PBXFileReference; fileEncoding = 4; lastKnownFileType = sourcecode.c.h; path = RHFridgeViewController.h; sourceTree = "<group>"; };
		CC70B5A3192F9C5B00293D7C /* RHFridgeViewController.m */ = {isa = PBXFileReference; fileEncoding = 4; lastKnownFileType = sourcecode.c.objc; path = RHFridgeViewController.m; sourceTree = "<group>"; };
		CC70B5A4192F9C5B00293D7C /* RHFridgeViewController.xib */ = {isa = PBXFileReference; fileEncoding = 4; lastKnownFileType = file.xib; path = RHFridgeViewController.xib; sourceTree = "<group>"; };
		CC70B5A7192F9DA500293D7C /* RHFridgeViewControllerSpec.m */ = {isa = PBXFileReference; fileEncoding = 4; lastKnownFileType = sourcecode.c.objc; path = RHFridgeViewControllerSpec.m; sourceTree = "<group>"; };
		CC70B5A9192FA3FD00293D7C /* Ingredients.plist */ = {isa = PBXFileReference; fileEncoding = 4; lastKnownFileType = text.plist.xml; path = Ingredients.plist; sourceTree = "<group>"; };
		CC70B5AB192FA56B00293D7C /* Recipes.plist */ = {isa = PBXFileReference; fileEncoding = 4; lastKnownFileType = text.plist.xml; path = Recipes.plist; sourceTree = "<group>"; };
		F6EE93544C464A2683F8982C /* Pods-DinnerAppTests.xcconfig */ = {isa = PBXFileReference; includeInIndex = 1; lastKnownFileType = text.xcconfig; name = "Pods-DinnerAppTests.xcconfig"; path = "Pods/Pods-DinnerAppTests.xcconfig"; sourceTree = "<group>"; };
/* End PBXFileReference section */

/* Begin PBXFrameworksBuildPhase section */
		CC70B565192F950D00293D7C /* Frameworks */ = {
			isa = PBXFrameworksBuildPhase;
			buildActionMask = 2147483647;
			files = (
				CC70B56E192F950D00293D7C /* CoreGraphics.framework in Frameworks */,
				CC70B570192F950D00293D7C /* UIKit.framework in Frameworks */,
				CC70B56C192F950D00293D7C /* Foundation.framework in Frameworks */,
			);
			runOnlyForDeploymentPostprocessing = 0;
		};
		CC70B580192F950D00293D7C /* Frameworks */ = {
			isa = PBXFrameworksBuildPhase;
			buildActionMask = 2147483647;
			files = (
				CC70B585192F950D00293D7C /* XCTest.framework in Frameworks */,
				CC70B587192F950D00293D7C /* UIKit.framework in Frameworks */,
				CC70B586192F950D00293D7C /* Foundation.framework in Frameworks */,
				DC8E2B16A5024A3DB5A734CD /* libPods-DinnerAppTests.a in Frameworks */,
			);
			runOnlyForDeploymentPostprocessing = 0;
		};
/* End PBXFrameworksBuildPhase section */

/* Begin PBXGroup section */
		CC70B55F192F950D00293D7C = {
			isa = PBXGroup;
			children = (
				CC70B571192F950D00293D7C /* DinnerApp */,
				CC70B58A192F950D00293D7C /* DinnerAppTests */,
				CC70B56A192F950D00293D7C /* Frameworks */,
				CC70B569192F950D00293D7C /* Products */,
				F6EE93544C464A2683F8982C /* Pods-DinnerAppTests.xcconfig */,
			);
			sourceTree = "<group>";
		};
		CC70B569192F950D00293D7C /* Products */ = {
			isa = PBXGroup;
			children = (
				CC70B568192F950D00293D7C /* DinnerApp.app */,
				CC70B583192F950D00293D7C /* DinnerAppTests.xctest */,
			);
			name = Products;
			sourceTree = "<group>";
		};
		CC70B56A192F950D00293D7C /* Frameworks */ = {
			isa = PBXGroup;
			children = (
				CC70B56B192F950D00293D7C /* Foundation.framework */,
				CC70B56D192F950D00293D7C /* CoreGraphics.framework */,
				CC70B56F192F950D00293D7C /* UIKit.framework */,
				CC70B584192F950D00293D7C /* XCTest.framework */,
				5C1A438DC4824C5FA152B563 /* libPods-DinnerAppTests.a */,
			);
			name = Frameworks;
			sourceTree = "<group>";
		};
		CC70B571192F950D00293D7C /* DinnerApp */ = {
			isa = PBXGroup;
			children = (
				CC70B57A192F950D00293D7C /* RHAppDelegate.h */,
				CC70B57B192F950D00293D7C /* RHAppDelegate.m */,
				CC70B5A2192F9C5B00293D7C /* RHFridgeViewController.h */,
				CC70B5A3192F9C5B00293D7C /* RHFridgeViewController.m */,
				CC70B5A4192F9C5B00293D7C /* RHFridgeViewController.xib */,
				CC70B5A9192FA3FD00293D7C /* Ingredients.plist */,
				CC70B5AB192FA56B00293D7C /* Recipes.plist */,
				CC70B57D192F950D00293D7C /* Images.xcassets */,
				CC70B572192F950D00293D7C /* Supporting Files */,
			);
			path = DinnerApp;
			sourceTree = "<group>";
		};
		CC70B572192F950D00293D7C /* Supporting Files */ = {
			isa = PBXGroup;
			children = (
				CC70B573192F950D00293D7C /* DinnerApp-Info.plist */,
				CC70B574192F950D00293D7C /* InfoPlist.strings */,
				CC70B577192F950D00293D7C /* main.m */,
				CC70B579192F950D00293D7C /* DinnerApp-Prefix.pch */,
			);
			name = "Supporting Files";
			sourceTree = "<group>";
		};
		CC70B58A192F950D00293D7C /* DinnerAppTests */ = {
			isa = PBXGroup;
			children = (
				CC70B59C192F99B800293D7C /* RHAppDelegateSpec.m */,
				CC70B5A7192F9DA500293D7C /* RHFridgeViewControllerSpec.m */,
				CC70B59E192F99F200293D7C /* RHRecipeResultsSpec.m */,
				CC70B5A0192F9A1800293D7C /* RHRecipeDetailSpec.m */,
				CC70B58B192F950D00293D7C /* Supporting Files */,
			);
			path = DinnerAppTests;
			sourceTree = "<group>";
		};
		CC70B58B192F950D00293D7C /* Supporting Files */ = {
			isa = PBXGroup;
			children = (
				CC70B58C192F950D00293D7C /* DinnerAppTests-Info.plist */,
				CC70B58D192F950D00293D7C /* InfoPlist.strings */,
			);
			name = "Supporting Files";
			sourceTree = "<group>";
		};
/* End PBXGroup section */

/* Begin PBXNativeTarget section */
		CC70B567192F950D00293D7C /* DinnerApp */ = {
			isa = PBXNativeTarget;
			buildConfigurationList = CC70B594192F950D00293D7C /* Build configuration list for PBXNativeTarget "DinnerApp" */;
			buildPhases = (
				CC70B564192F950D00293D7C /* Sources */,
				CC70B565192F950D00293D7C /* Frameworks */,
				CC70B566192F950D00293D7C /* Resources */,
			);
			buildRules = (
			);
			dependencies = (
			);
			name = DinnerApp;
			productName = DinnerApp;
			productReference = CC70B568192F950D00293D7C /* DinnerApp.app */;
			productType = "com.apple.product-type.application";
		};
		CC70B582192F950D00293D7C /* DinnerAppTests */ = {
			isa = PBXNativeTarget;
			buildConfigurationList = CC70B597192F950D00293D7C /* Build configuration list for PBXNativeTarget "DinnerAppTests" */;
			buildPhases = (
				8DC68AE71F0A411880645E8D /* Check Pods Manifest.lock */,
				CC70B57F192F950D00293D7C /* Sources */,
				CC70B580192F950D00293D7C /* Frameworks */,
				CC70B581192F950D00293D7C /* Resources */,
				E24B6C9C944C40A8A69EFFCF /* Copy Pods Resources */,
			);
			buildRules = (
			);
			dependencies = (
				CC70B589192F950D00293D7C /* PBXTargetDependency */,
			);
			name = DinnerAppTests;
			productName = DinnerAppTests;
			productReference = CC70B583192F950D00293D7C /* DinnerAppTests.xctest */;
			productType = "com.apple.product-type.bundle.unit-test";
		};
/* End PBXNativeTarget section */

/* Begin PBXProject section */
		CC70B560192F950D00293D7C /* Project object */ = {
			isa = PBXProject;
			attributes = {
				CLASSPREFIX = RH;
				LastUpgradeCheck = 0510;
				ORGANIZATIONNAME = "Rachel Hyman";
				TargetAttributes = {
					CC70B582192F950D00293D7C = {
						TestTargetID = CC70B567192F950D00293D7C;
					};
				};
			};
			buildConfigurationList = CC70B563192F950D00293D7C /* Build configuration list for PBXProject "DinnerApp" */;
			compatibilityVersion = "Xcode 3.2";
			developmentRegion = English;
			hasScannedForEncodings = 0;
			knownRegions = (
				en,
			);
			mainGroup = CC70B55F192F950D00293D7C;
			productRefGroup = CC70B569192F950D00293D7C /* Products */;
			projectDirPath = "";
			projectRoot = "";
			targets = (
				CC70B567192F950D00293D7C /* DinnerApp */,
				CC70B582192F950D00293D7C /* DinnerAppTests */,
			);
		};
/* End PBXProject section */

/* Begin PBXResourcesBuildPhase section */
		CC70B566192F950D00293D7C /* Resources */ = {
			isa = PBXResourcesBuildPhase;
			buildActionMask = 2147483647;
			files = (
				CC70B5AC192FA56B00293D7C /* Recipes.plist in Resources */,
				CC70B576192F950D00293D7C /* InfoPlist.strings in Resources */,
				CC70B57E192F950D00293D7C /* Images.xcassets in Resources */,
				CC70B5A6192F9C5B00293D7C /* RHFridgeViewController.xib in Resources */,
				CC70B5AA192FA3FD00293D7C /* Ingredients.plist in Resources */,
			);
			runOnlyForDeploymentPostprocessing = 0;
		};
		CC70B581192F950D00293D7C /* Resources */ = {
			isa = PBXResourcesBuildPhase;
			buildActionMask = 2147483647;
			files = (
				CC70B58F192F950D00293D7C /* InfoPlist.strings in Resources */,
			);
			runOnlyForDeploymentPostprocessing = 0;
		};
/* End PBXResourcesBuildPhase section */

/* Begin PBXShellScriptBuildPhase section */
		8DC68AE71F0A411880645E8D /* Check Pods Manifest.lock */ = {
			isa = PBXShellScriptBuildPhase;
			buildActionMask = 2147483647;
			files = (
			);
			inputPaths = (
			);
			name = "Check Pods Manifest.lock";
			outputPaths = (
			);
			runOnlyForDeploymentPostprocessing = 0;
			shellPath = /bin/sh;
			shellScript = "diff \"${PODS_ROOT}/../Podfile.lock\" \"${PODS_ROOT}/Manifest.lock\" > /dev/null\nif [[ $? != 0 ]] ; then\n    cat << EOM\nerror: The sandbox is not in sync with the Podfile.lock. Run 'pod install' or update your CocoaPods installation.\nEOM\n    exit 1\nfi\n";
			showEnvVarsInLog = 0;
		};
		E24B6C9C944C40A8A69EFFCF /* Copy Pods Resources */ = {
			isa = PBXShellScriptBuildPhase;
			buildActionMask = 2147483647;
			files = (
			);
			inputPaths = (
			);
			name = "Copy Pods Resources";
			outputPaths = (
			);
			runOnlyForDeploymentPostprocessing = 0;
			shellPath = /bin/sh;
			shellScript = "\"${SRCROOT}/Pods/Pods-DinnerAppTests-resources.sh\"\n";
			showEnvVarsInLog = 0;
		};
/* End PBXShellScriptBuildPhase section */

/* Begin PBXSourcesBuildPhase section */
		CC70B564192F950D00293D7C /* Sources */ = {
			isa = PBXSourcesBuildPhase;
			buildActionMask = 2147483647;
			files = (
				CC70B5A5192F9C5B00293D7C /* RHFridgeViewController.m in Sources */,
				CC70B57C192F950D00293D7C /* RHAppDelegate.m in Sources */,
				CC70B578192F950D00293D7C /* main.m in Sources */,
			);
			runOnlyForDeploymentPostprocessing = 0;
		};
		CC70B57F192F950D00293D7C /* Sources */ = {
			isa = PBXSourcesBuildPhase;
			buildActionMask = 2147483647;
			files = (
				CC70B5A8192F9DA500293D7C /* RHFridgeViewControllerSpec.m in Sources */,
				CC70B59F192F99F200293D7C /* RHRecipeResultsSpec.m in Sources */,
				CC70B59D192F99B800293D7C /* RHAppDelegateSpec.m in Sources */,
				CC70B5A1192F9A1800293D7C /* RHRecipeDetailSpec.m in Sources */,
			);
			runOnlyForDeploymentPostprocessing = 0;
		};
/* End PBXSourcesBuildPhase section */

/* Begin PBXTargetDependency section */
		CC70B589192F950D00293D7C /* PBXTargetDependency */ = {
			isa = PBXTargetDependency;
			target = CC70B567192F950D00293D7C /* DinnerApp */;
			targetProxy = CC70B588192F950D00293D7C /* PBXContainerItemProxy */;
		};
/* End PBXTargetDependency section */

/* Begin PBXVariantGroup section */
		CC70B574192F950D00293D7C /* InfoPlist.strings */ = {
			isa = PBXVariantGroup;
			children = (
				CC70B575192F950D00293D7C /* en */,
			);
			name = InfoPlist.strings;
			sourceTree = "<group>";
		};
		CC70B58D192F950D00293D7C /* InfoPlist.strings */ = {
			isa = PBXVariantGroup;
			children = (
				CC70B58E192F950D00293D7C /* en */,
			);
			name = InfoPlist.strings;
			sourceTree = "<group>";
		};
/* End PBXVariantGroup section */

/* Begin XCBuildConfiguration section */
		CC70B592192F950D00293D7C /* Debug */ = {
			isa = XCBuildConfiguration;
			buildSettings = {
				ALWAYS_SEARCH_USER_PATHS = NO;
				CLANG_CXX_LANGUAGE_STANDARD = "gnu++0x";
				CLANG_CXX_LIBRARY = "libc++";
				CLANG_ENABLE_MODULES = YES;
				CLANG_ENABLE_OBJC_ARC = YES;
				CLANG_WARN_BOOL_CONVERSION = YES;
				CLANG_WARN_CONSTANT_CONVERSION = YES;
				CLANG_WARN_DIRECT_OBJC_ISA_USAGE = YES_ERROR;
				CLANG_WARN_EMPTY_BODY = YES;
				CLANG_WARN_ENUM_CONVERSION = YES;
				CLANG_WARN_INT_CONVERSION = YES;
				CLANG_WARN_OBJC_ROOT_CLASS = YES_ERROR;
				CLANG_WARN__DUPLICATE_METHOD_MATCH = YES;
				"CODE_SIGN_IDENTITY[sdk=iphoneos*]" = "iPhone Developer";
				COPY_PHASE_STRIP = NO;
				GCC_C_LANGUAGE_STANDARD = gnu99;
				GCC_DYNAMIC_NO_PIC = NO;
				GCC_OPTIMIZATION_LEVEL = 0;
				GCC_PREPROCESSOR_DEFINITIONS = (
					"DEBUG=1",
					"$(inherited)",
				);
				GCC_SYMBOLS_PRIVATE_EXTERN = NO;
				GCC_WARN_64_TO_32_BIT_CONVERSION = YES;
				GCC_WARN_ABOUT_RETURN_TYPE = YES_ERROR;
				GCC_WARN_UNDECLARED_SELECTOR = YES;
				GCC_WARN_UNINITIALIZED_AUTOS = YES_AGGRESSIVE;
				GCC_WARN_UNUSED_FUNCTION = YES;
				GCC_WARN_UNUSED_VARIABLE = YES;
				IPHONEOS_DEPLOYMENT_TARGET = 7.1;
				ONLY_ACTIVE_ARCH = YES;
				SDKROOT = iphoneos;
			};
			name = Debug;
		};
		CC70B593192F950D00293D7C /* Release */ = {
			isa = XCBuildConfiguration;
			buildSettings = {
				ALWAYS_SEARCH_USER_PATHS = NO;
				CLANG_CXX_LANGUAGE_STANDARD = "gnu++0x";
				CLANG_CXX_LIBRARY = "libc++";
				CLANG_ENABLE_MODULES = YES;
				CLANG_ENABLE_OBJC_ARC = YES;
				CLANG_WARN_BOOL_CONVERSION = YES;
				CLANG_WARN_CONSTANT_CONVERSION = YES;
				CLANG_WARN_DIRECT_OBJC_ISA_USAGE = YES_ERROR;
				CLANG_WARN_EMPTY_BODY = YES;
				CLANG_WARN_ENUM_CONVERSION = YES;
				CLANG_WARN_INT_CONVERSION = YES;
				CLANG_WARN_OBJC_ROOT_CLASS = YES_ERROR;
				CLANG_WARN__DUPLICATE_METHOD_MATCH = YES;
				"CODE_SIGN_IDENTITY[sdk=iphoneos*]" = "iPhone Developer";
				COPY_PHASE_STRIP = YES;
				ENABLE_NS_ASSERTIONS = NO;
				GCC_C_LANGUAGE_STANDARD = gnu99;
				GCC_WARN_64_TO_32_BIT_CONVERSION = YES;
				GCC_WARN_ABOUT_RETURN_TYPE = YES_ERROR;
				GCC_WARN_UNDECLARED_SELECTOR = YES;
				GCC_WARN_UNINITIALIZED_AUTOS = YES_AGGRESSIVE;
				GCC_WARN_UNUSED_FUNCTION = YES;
				GCC_WARN_UNUSED_VARIABLE = YES;
				IPHONEOS_DEPLOYMENT_TARGET = 7.1;
				SDKROOT = iphoneos;
				VALIDATE_PRODUCT = YES;
			};
			name = Release;
		};
		CC70B595192F950D00293D7C /* Debug */ = {
			isa = XCBuildConfiguration;
			buildSettings = {
				ASSETCATALOG_COMPILER_APPICON_NAME = AppIcon;
				ASSETCATALOG_COMPILER_LAUNCHIMAGE_NAME = LaunchImage;
				GCC_PRECOMPILE_PREFIX_HEADER = YES;
				GCC_PREFIX_HEADER = "DinnerApp/DinnerApp-Prefix.pch";
				INFOPLIST_FILE = "DinnerApp/DinnerApp-Info.plist";
				PRODUCT_NAME = "$(TARGET_NAME)";
				WRAPPER_EXTENSION = app;
			};
			name = Debug;
		};
		CC70B596192F950D00293D7C /* Release */ = {
			isa = XCBuildConfiguration;
			buildSettings = {
				ASSETCATALOG_COMPILER_APPICON_NAME = AppIcon;
				ASSETCATALOG_COMPILER_LAUNCHIMAGE_NAME = LaunchImage;
				GCC_PRECOMPILE_PREFIX_HEADER = YES;
				GCC_PREFIX_HEADER = "DinnerApp/DinnerApp-Prefix.pch";
				INFOPLIST_FILE = "DinnerApp/DinnerApp-Info.plist";
				PRODUCT_NAME = "$(TARGET_NAME)";
				WRAPPER_EXTENSION = app;
			};
			name = Release;
		};
		CC70B598192F950D00293D7C /* Debug */ = {
			isa = XCBuildConfiguration;
			baseConfigurationReference = F6EE93544C464A2683F8982C /* Pods-DinnerAppTests.xcconfig */;
			buildSettings = {
				BUNDLE_LOADER = "$(BUILT_PRODUCTS_DIR)/DinnerApp.app/DinnerApp";
				FRAMEWORK_SEARCH_PATHS = (
					"$(SDKROOT)/Developer/Library/Frameworks",
					"$(inherited)",
					"$(DEVELOPER_FRAMEWORKS_DIR)",
				);
				GCC_PRECOMPILE_PREFIX_HEADER = YES;
				GCC_PREFIX_HEADER = "DinnerApp/DinnerApp-Prefix.pch";
				GCC_PREPROCESSOR_DEFINITIONS = (
					"DEBUG=1",
					"$(inherited)",
				);
				INFOPLIST_FILE = "DinnerAppTests/DinnerAppTests-Info.plist";
				PRODUCT_NAME = "$(TARGET_NAME)";
				TEST_HOST = "$(BUNDLE_LOADER)";
				WRAPPER_EXTENSION = xctest;
			};
			name = Debug;
		};
		CC70B599192F950D00293D7C /* Release */ = {
			isa = XCBuildConfiguration;
			baseConfigurationReference = F6EE93544C464A2683F8982C /* Pods-DinnerAppTests.xcconfig */;
			buildSettings = {
				BUNDLE_LOADER = "$(BUILT_PRODUCTS_DIR)/DinnerApp.app/DinnerApp";
				FRAMEWORK_SEARCH_PATHS = (
					"$(SDKROOT)/Developer/Library/Frameworks",
					"$(inherited)",
					"$(DEVELOPER_FRAMEWORKS_DIR)",
				);
				GCC_PRECOMPILE_PREFIX_HEADER = YES;
				GCC_PREFIX_HEADER = "DinnerApp/DinnerApp-Prefix.pch";
				INFOPLIST_FILE = "DinnerAppTests/DinnerAppTests-Info.plist";
				PRODUCT_NAME = "$(TARGET_NAME)";
				TEST_HOST = "$(BUNDLE_LOADER)";
				WRAPPER_EXTENSION = xctest;
			};
			name = Release;
		};
/* End XCBuildConfiguration section */

/* Begin XCConfigurationList section */
		CC70B563192F950D00293D7C /* Build configuration list for PBXProject "DinnerApp" */ = {
			isa = XCConfigurationList;
			buildConfigurations = (
				CC70B592192F950D00293D7C /* Debug */,
				CC70B593192F950D00293D7C /* Release */,
			);
			defaultConfigurationIsVisible = 0;
			defaultConfigurationName = Release;
		};
		CC70B594192F950D00293D7C /* Build configuration list for PBXNativeTarget "DinnerApp" */ = {
			isa = XCConfigurationList;
			buildConfigurations = (
				CC70B595192F950D00293D7C /* Debug */,
				CC70B596192F950D00293D7C /* Release */,
			);
			defaultConfigurationIsVisible = 0;
			defaultConfigurationName = Release;
		};
		CC70B597192F950D00293D7C /* Build configuration list for PBXNativeTarget "DinnerAppTests" */ = {
			isa = XCConfigurationList;
			buildConfigurations = (
				CC70B598192F950D00293D7C /* Debug */,
				CC70B599192F950D00293D7C /* Release */,
			);
			defaultConfigurationIsVisible = 0;
			defaultConfigurationName = Release;
		};
/* End XCConfigurationList section */
	};
	rootObject = CC70B560192F950D00293D7C /* Project object */;
}
